
Microsoft Visual Studio Solution File, Format Version 12.00
# Visual Studio Version 16
VisualStudioVersion = 16.0.30523.141
MinimumVisualStudioVersion = 10.0.40219.1
Project("{FAE04EC0-301F-11D3-BF4B-00C04F79EFBC}") = "Estudos.MinhaApi.Api", "Estudos.MinhaApi.Api\Estudos.MinhaApi.Api.csproj", "{944121EE-C93F-4051-B454-D3A3831BC104}"
EndProject
Project("{FAE04EC0-301F-11D3-BF4B-00C04F79EFBC}") = "Estudos.MinhaApi.Dominio", "Estudos.MinhaApi.Dominio\Estudos.MinhaApi.Dominio.csproj", "{4E4C9EAF-4054-4EF6-AE03-0515C6C7A393}"
EndProject
Project("{FAE04EC0-301F-11D3-BF4B-00C04F79EFBC}") = "Estudos.MinhaApi.AcessoDados.Entity", "Estudos.MinhaApi.AcessoDados.Entity\Estudos.MinhaApi.AcessoDados.Entity.csproj", "{997EC7E3-F794-4EB8-BB4C-4BE3D21D533A}"
EndProject
Project("{2150E333-8FDC-42A3-9474-1A3956D46DE8}") = "Comum", "Comum", "{F0712867-7AE3-4EAD-9C26-41FFE4ADD57B}"
EndProject
Project("{FAE04EC0-301F-11D3-BF4B-00C04F79EFBC}") = "Estudos.Comum.Repositorios.Interfaces", "Estudos.Comum.Repositorios.Interfaces\Estudos.Comum.Repositorios.Interfaces.csproj", "{C90638BD-1D63-4122-B633-EABD5C12CA78}"
EndProject
Project("{FAE04EC0-301F-11D3-BF4B-00C04F79EFBC}") = "Estudos.Comum.Repositorios.Entity", "Estudos.Comum.Repositorios.Entity\Estudos.Comum.Repositorios.Entity.csproj", "{D033919C-80CE-498A-BD1F-79A8EEF79626}"
EndProject
Project("{FAE04EC0-301F-11D3-BF4B-00C04F79EFBC}") = "Estudos.MinhaApi.Repositorios.Entity", "Estudos.MminhaApi.Repositorios.Entity\Estudos.MinhaApi.Repositorios.Entity.csproj", "{F51EF7B5-F8C6-41B8-8CBB-82D472D702CB}"
EndProject
Global
	GlobalSection(SolutionConfigurationPlatforms) = preSolution
		Debug|Any CPU = Debug|Any CPU
		Release|Any CPU = Release|Any CPU
	EndGlobalSection
	GlobalSection(ProjectConfigurationPlatforms) = postSolution
		{944121EE-C93F-4051-B454-D3A3831BC104}.Debug|Any CPU.ActiveCfg = Debug|Any CPU
		{944121EE-C93F-4051-B454-D3A3831BC104}.Debug|Any CPU.Build.0 = Debug|Any CPU
		{944121EE-C93F-4051-B454-D3A3831BC104}.Release|Any CPU.ActiveCfg = Release|Any CPU
		{944121EE-C93F-4051-B454-D3A3831BC104}.Release|Any CPU.Build.0 = Release|Any CPU
		{4E4C9EAF-4054-4EF6-AE03-0515C6C7A393}.Debug|Any CPU.ActiveCfg = Debug|Any CPU
		{4E4C9EAF-4054-4EF6-AE03-0515C6C7A393}.Debug|Any CPU.Build.0 = Debug|Any CPU
		{4E4C9EAF-4054-4EF6-AE03-0515C6C7A393}.Release|Any CPU.ActiveCfg = Release|Any CPU
		{4E4C9EAF-4054-4EF6-AE03-0515C6C7A393}.Release|Any CPU.Build.0 = Release|Any CPU
		{997EC7E3-F794-4EB8-BB4C-4BE3D21D533A}.Debug|Any CPU.ActiveCfg = Debug|Any CPU
		{997EC7E3-F794-4EB8-BB4C-4BE3D21D533A}.Debug|Any CPU.Build.0 = Debug|Any CPU
		{997EC7E3-F794-4EB8-BB4C-4BE3D21D533A}.Release|Any CPU.ActiveCfg = Release|Any CPU
		{997EC7E3-F794-4EB8-BB4C-4BE3D21D533A}.Release|Any CPU.Build.0 = Release|Any CPU
		{C90638BD-1D63-4122-B633-EABD5C12CA78}.Debug|Any CPU.ActiveCfg = Debug|Any CPU
		{C90638BD-1D63-4122-B633-EABD5C12CA78}.Debug|Any CPU.Build.0 = Debug|Any CPU
		{C90638BD-1D63-4122-B633-EABD5C12CA78}.Release|Any CPU.ActiveCfg = Release|Any CPU
		{C90638BD-1D63-4122-B633-EABD5C12CA78}.Release|Any CPU.Build.0 = Release|Any CPU
		{D033919C-80CE-498A-BD1F-79A8EEF79626}.Debug|Any CPU.ActiveCfg = Debug|Any CPU
		{D033919C-80CE-498A-BD1F-79A8EEF79626}.Debug|Any CPU.Build.0 = Debug|Any CPU
		{D033919C-80CE-498A-BD1F-79A8EEF79626}.Release|Any CPU.ActiveCfg = Release|Any CPU
		{D033919C-80CE-498A-BD1F-79A8EEF79626}.Release|Any CPU.Build.0 = Release|Any CPU
		{F51EF7B5-F8C6-41B8-8CBB-82D472D702CB}.Debug|Any CPU.ActiveCfg = Debug|Any CPU
		{F51EF7B5-F8C6-41B8-8CBB-82D472D702CB}.Debug|Any CPU.Build.0 = Debug|Any CPU
		{F51EF7B5-F8C6-41B8-8CBB-82D472D702CB}.Release|Any CPU.ActiveCfg = Release|Any CPU
		{F51EF7B5-F8C6-41B8-8CBB-82D472D702CB}.Release|Any CPU.Build.0 = Release|Any CPU
	EndGlobalSection
	GlobalSection(SolutionProperties) = preSolution
		HideSolutionNode = FALSE
	EndGlobalSection
	GlobalSection(NestedProjects) = preSolution
		{C90638BD-1D63-4122-B633-EABD5C12CA78} = {F0712867-7AE3-4EAD-9C26-41FFE4ADD57B}
		{D033919C-80CE-498A-BD1F-79A8EEF79626} = {F0712867-7AE3-4EAD-9C26-41FFE4ADD57B}
	EndGlobalSection
	GlobalSection(ExtensibilityGlobals) = postSolution
		SolutionGuid = {BC8C845E-1337-4C28-A9CC-6A1CD18FD9A7}
	EndGlobalSection
EndGlobal
